{
  "requires": true,
  "lockfileVersion": 1,
  "dependencies": {
    "@faker-js/faker": {
      "version": "6.0.0-alpha.6",
      "resolved": "https://registry.npmjs.org/@faker-js/faker/-/faker-6.0.0-alpha.6.tgz",
      "integrity": "sha512-+jatKq8wYwOgCpVQ0wE4t9BglS16qJH/Nu4WjPU+ABTywivTY8BCsD1XIZhw9iXDq3t1InyiXmz+R70TcUMbrg=="
    },
    "@types/google.maps": {
      "version": "3.47.4",
      "resolved": "https://registry.npmjs.org/@types/google.maps/-/google.maps-3.47.4.tgz",
      "integrity": "sha512-wgNs0Cb0SpWMBmD5WV560bQ++sdtAOqR6V6qQIA5jZFORLsxat4kVkXOOg7KDFqHwNgYpg36Vai2zXUCTmbtnQ==",
      "dev": true
    },
    "typescript": {
      "version": "4.5.5",
      "resolved": "https://registry.npmjs.org/typescript/-/typescript-4.5.5.tgz",
      "integrity": "sha512-TCTIul70LyWe6IJWT8QSYeA54WQe8EjQFU4wY52Fasj5UKx88LNYKCgBEHcOMOrFF1rKGbD8v/xcNWVUq9SymA==",
      "dev": true
    }
  }
}
